// !$*UTF8*$!
{
	archiveVersion = 1;
	classes = {
	};
	objectVersion = 56;
	objects = {

/* Begin PBXBuildFile section */
		9F2681C82C8E5CB000C8FC20 /* ScrollableCanvasView.swift in Sources */ = {isa = PBXBuildFile; fileRef = 9F2681C72C8E5CB000C8FC20 /* ScrollableCanvasView.swift */; };
		9F6EF6AC2C8DFA9800B212B3 /* CollageCanvasApp.swift in Sources */ = {isa = PBXBuildFile; fileRef = 9F6EF6AB2C8DFA9800B212B3 /* CollageCanvasApp.swift */; };
		9F6EF6AE2C8DFA9800B212B3 /* HomeView.swift in Sources */ = {isa = PBXBuildFile; fileRef = 9F6EF6AD2C8DFA9800B212B3 /* HomeView.swift */; };
		9F6EF6B02C8DFA9A00B212B3 /* Assets.xcassets in Resources */ = {isa = PBXBuildFile; fileRef = 9F6EF6AF2C8DFA9A00B212B3 /* Assets.xcassets */; };
		9F6EF6B32C8DFA9A00B212B3 /* Preview Assets.xcassets in Resources */ = {isa = PBXBuildFile; fileRef = 9F6EF6B22C8DFA9A00B212B3 /* Preview Assets.xcassets */; };
		9F6EF6BE2C8E10AF00B212B3 /* PexelsService.swift in Sources */ = {isa = PBXBuildFile; fileRef = 9F6EF6BD2C8E10AF00B212B3 /* PexelsService.swift */; };
		9F6EF6C02C8E138B00B212B3 /* PexelsResponse.swift in Sources */ = {isa = PBXBuildFile; fileRef = 9F6EF6BF2C8E138B00B212B3 /* PexelsResponse.swift */; };
		9F6EF6C42C8E143E00B212B3 /* SchemeEnvironment.swift in Sources */ = {isa = PBXBuildFile; fileRef = 9F6EF6C32C8E143E00B212B3 /* SchemeEnvironment.swift */; };
		9F6EF6C82C8E1C5B00B212B3 /* HomeViewModel.swift in Sources */ = {isa = PBXBuildFile; fileRef = 9F6EF6C72C8E1C5B00B212B3 /* HomeViewModel.swift */; };
		9F6EF6CB2C8E1DF600B212B3 /* CuratedPhotosView.swift in Sources */ = {isa = PBXBuildFile; fileRef = 9F6EF6CA2C8E1DF600B212B3 /* CuratedPhotosView.swift */; };
		9F6EF6CD2C8E1E2C00B212B3 /* CuratedPhotosViewModel.swift in Sources */ = {isa = PBXBuildFile; fileRef = 9F6EF6CC2C8E1E2C00B212B3 /* CuratedPhotosViewModel.swift */; };
		9F6EF6CF2C8E25E000B212B3 /* Localizable.xcstrings in Resources */ = {isa = PBXBuildFile; fileRef = 9F6EF6CE2C8E25E000B212B3 /* Localizable.xcstrings */; };
		9F6EF6D52C8E27CA00B212B3 /* String+Extensions.swift in Sources */ = {isa = PBXBuildFile; fileRef = 9F6EF6D42C8E27CA00B212B3 /* String+Extensions.swift */; };
		9F6EF6D72C8E286800B212B3 /* Localization.swift in Sources */ = {isa = PBXBuildFile; fileRef = 9F6EF6D62C8E286800B212B3 /* Localization.swift */; };
		9F6EF6DA2C8E460100B212B3 /* LoadedImage.swift in Sources */ = {isa = PBXBuildFile; fileRef = 9F6EF6D92C8E460100B212B3 /* LoadedImage.swift */; };
/* End PBXBuildFile section */

/* Begin PBXFileReference section */
		9F2681C72C8E5CB000C8FC20 /* ScrollableCanvasView.swift */ = {isa = PBXFileReference; lastKnownFileType = sourcecode.swift; path = ScrollableCanvasView.swift; sourceTree = "<group>"; };
		9F6EF6A82C8DFA9800B212B3 /* CollageCanvas.app */ = {isa = PBXFileReference; explicitFileType = wrapper.application; includeInIndex = 0; path = CollageCanvas.app; sourceTree = BUILT_PRODUCTS_DIR; };
		9F6EF6AB2C8DFA9800B212B3 /* CollageCanvasApp.swift */ = {isa = PBXFileReference; lastKnownFileType = sourcecode.swift; path = CollageCanvasApp.swift; sourceTree = "<group>"; };
		9F6EF6AD2C8DFA9800B212B3 /* HomeView.swift */ = {isa = PBXFileReference; lastKnownFileType = sourcecode.swift; path = HomeView.swift; sourceTree = "<group>"; };
		9F6EF6AF2C8DFA9A00B212B3 /* Assets.xcassets */ = {isa = PBXFileReference; lastKnownFileType = folder.assetcatalog; path = Assets.xcassets; sourceTree = "<group>"; };
		9F6EF6B22C8DFA9A00B212B3 /* Preview Assets.xcassets */ = {isa = PBXFileReference; lastKnownFileType = folder.assetcatalog; path = "Preview Assets.xcassets"; sourceTree = "<group>"; };
		9F6EF6BD2C8E10AF00B212B3 /* PexelsService.swift */ = {isa = PBXFileReference; lastKnownFileType = sourcecode.swift; path = PexelsService.swift; sourceTree = "<group>"; };
		9F6EF6BF2C8E138B00B212B3 /* PexelsResponse.swift */ = {isa = PBXFileReference; lastKnownFileType = sourcecode.swift; path = PexelsResponse.swift; sourceTree = "<group>"; };
		9F6EF6C22C8E13CD00B212B3 /* Development.xcconfig */ = {isa = PBXFileReference; lastKnownFileType = text.xcconfig; path = Development.xcconfig; sourceTree = "<group>"; };
		9F6EF6C32C8E143E00B212B3 /* SchemeEnvironment.swift */ = {isa = PBXFileReference; lastKnownFileType = sourcecode.swift; path = SchemeEnvironment.swift; sourceTree = "<group>"; };
		9F6EF6C52C8E163D00B212B3 /* Info.plist */ = {isa = PBXFileReference; lastKnownFileType = text.plist; path = Info.plist; sourceTree = "<group>"; };
		9F6EF6C72C8E1C5B00B212B3 /* HomeViewModel.swift */ = {isa = PBXFileReference; lastKnownFileType = sourcecode.swift; path = HomeViewModel.swift; sourceTree = "<group>"; };
		9F6EF6CA2C8E1DF600B212B3 /* CuratedPhotosView.swift */ = {isa = PBXFileReference; lastKnownFileType = sourcecode.swift; path = CuratedPhotosView.swift; sourceTree = "<group>"; };
		9F6EF6CC2C8E1E2C00B212B3 /* CuratedPhotosViewModel.swift */ = {isa = PBXFileReference; lastKnownFileType = sourcecode.swift; path = CuratedPhotosViewModel.swift; sourceTree = "<group>"; };
		9F6EF6CE2C8E25E000B212B3 /* Localizable.xcstrings */ = {isa = PBXFileReference; lastKnownFileType = text.json.xcstrings; path = Localizable.xcstrings; sourceTree = "<group>"; };
		9F6EF6D42C8E27CA00B212B3 /* String+Extensions.swift */ = {isa = PBXFileReference; lastKnownFileType = sourcecode.swift; path = "String+Extensions.swift"; sourceTree = "<group>"; };
		9F6EF6D62C8E286800B212B3 /* Localization.swift */ = {isa = PBXFileReference; lastKnownFileType = sourcecode.swift; path = Localization.swift; sourceTree = "<group>"; };
		9F6EF6D92C8E460100B212B3 /* LoadedImage.swift */ = {isa = PBXFileReference; lastKnownFileType = sourcecode.swift; path = LoadedImage.swift; sourceTree = "<group>"; };
/* End PBXFileReference section */

/* Begin PBXFrameworksBuildPhase section */
		9F6EF6A52C8DFA9800B212B3 /* Frameworks */ = {
			isa = PBXFrameworksBuildPhase;
			buildActionMask = 2147483647;
			files = (
			);
			runOnlyForDeploymentPostprocessing = 0;
		};
/* End PBXFrameworksBuildPhase section */

/* Begin PBXGroup section */
		9F6EF69F2C8DFA9800B212B3 = {
			isa = PBXGroup;
			children = (
				9F6EF6AA2C8DFA9800B212B3 /* CollageCanvas */,
				9F6EF6A92C8DFA9800B212B3 /* Products */,
			);
			sourceTree = "<group>";
		};
		9F6EF6A92C8DFA9800B212B3 /* Products */ = {
			isa = PBXGroup;
			children = (
				9F6EF6A82C8DFA9800B212B3 /* CollageCanvas.app */,
			);
			name = Products;
			sourceTree = "<group>";
		};
		9F6EF6AA2C8DFA9800B212B3 /* CollageCanvas */ = {
			isa = PBXGroup;
			children = (
				9F6EF6D82C8E45F700B212B3 /* Models */,
				9F6EF6D22C8E27B000B212B3 /* Utils */,
				9F6EF6C52C8E163D00B212B3 /* Info.plist */,
				9F6EF6C12C8E13BA00B212B3 /* Config */,
				9F6EF6BC2C8E109000B212B3 /* Services */,
				9F6EF6BA2C8E101400B212B3 /* Core */,
				9F6EF6BB2C8E103900B212B3 /* Resources */,
				9F6EF6B92C8E100900B212B3 /* Scenes */,
				9F6EF6B12C8DFA9A00B212B3 /* Preview Content */,
			);
			path = CollageCanvas;
			sourceTree = "<group>";
		};
		9F6EF6B12C8DFA9A00B212B3 /* Preview Content */ = {
			isa = PBXGroup;
			children = (
				9F6EF6B22C8DFA9A00B212B3 /* Preview Assets.xcassets */,
			);
			path = "Preview Content";
			sourceTree = "<group>";
		};
		9F6EF6B92C8E100900B212B3 /* Scenes */ = {
			isa = PBXGroup;
			children = (
				9F6EF6C92C8E1DCC00B212B3 /* CuratedPhotos */,
				9F6EF6C62C8E1C4200B212B3 /* Home */,
			);
			path = Scenes;
			sourceTree = "<group>";
		};
		9F6EF6BA2C8E101400B212B3 /* Core */ = {
			isa = PBXGroup;
			children = (
				9F6EF6AB2C8DFA9800B212B3 /* CollageCanvasApp.swift */,
			);
			path = Core;
			sourceTree = "<group>";
		};
		9F6EF6BB2C8E103900B212B3 /* Resources */ = {
			isa = PBXGroup;
			children = (
				9F6EF6AF2C8DFA9A00B212B3 /* Assets.xcassets */,
				9F6EF6CE2C8E25E000B212B3 /* Localizable.xcstrings */,
				9F6EF6D62C8E286800B212B3 /* Localization.swift */,
			);
			path = Resources;
			sourceTree = "<group>";
		};
		9F6EF6BC2C8E109000B212B3 /* Services */ = {
			isa = PBXGroup;
			children = (
				9F6EF6BD2C8E10AF00B212B3 /* PexelsService.swift */,
				9F6EF6BF2C8E138B00B212B3 /* PexelsResponse.swift */,
			);
			path = Services;
			sourceTree = "<group>";
		};
		9F6EF6C12C8E13BA00B212B3 /* Config */ = {
			isa = PBXGroup;
			children = (
				9F6EF6C22C8E13CD00B212B3 /* Development.xcconfig */,
				9F6EF6C32C8E143E00B212B3 /* SchemeEnvironment.swift */,
			);
			path = Config;
			sourceTree = "<group>";
		};
		9F6EF6C62C8E1C4200B212B3 /* Home */ = {
			isa = PBXGroup;
			children = (
				9F6EF6AD2C8DFA9800B212B3 /* HomeView.swift */,
				9F6EF6C72C8E1C5B00B212B3 /* HomeViewModel.swift */,
				9F2681C72C8E5CB000C8FC20 /* ScrollableCanvasView.swift */,
			);
			path = Home;
			sourceTree = "<group>";
		};
		9F6EF6C92C8E1DCC00B212B3 /* CuratedPhotos */ = {
			isa = PBXGroup;
			children = (
				9F6EF6CA2C8E1DF600B212B3 /* CuratedPhotosView.swift */,
				9F6EF6CC2C8E1E2C00B212B3 /* CuratedPhotosViewModel.swift */,
			);
			path = CuratedPhotos;
			sourceTree = "<group>";
		};
		9F6EF6D22C8E27B000B212B3 /* Utils */ = {
			isa = PBXGroup;
			children = (
				9F6EF6D32C8E27B600B212B3 /* Extensions */,
			);
			path = Utils;
			sourceTree = "<group>";
		};
		9F6EF6D32C8E27B600B212B3 /* Extensions */ = {
			isa = PBXGroup;
			children = (
				9F6EF6D42C8E27CA00B212B3 /* String+Extensions.swift */,
			);
			path = Extensions;
			sourceTree = "<group>";
		};
		9F6EF6D82C8E45F700B212B3 /* Models */ = {
			isa = PBXGroup;
			children = (
				9F6EF6D92C8E460100B212B3 /* LoadedImage.swift */,
			);
			path = Models;
			sourceTree = "<group>";
		};
/* End PBXGroup section */

/* Begin PBXNativeTarget section */
		9F6EF6A72C8DFA9800B212B3 /* CollageCanvas */ = {
			isa = PBXNativeTarget;
			buildConfigurationList = 9F6EF6B62C8DFA9A00B212B3 /* Build configuration list for PBXNativeTarget "CollageCanvas" */;
			buildPhases = (
				9F6EF6A42C8DFA9800B212B3 /* Sources */,
				9F6EF6A52C8DFA9800B212B3 /* Frameworks */,
				9F6EF6A62C8DFA9800B212B3 /* Resources */,
			);
			buildRules = (
			);
			dependencies = (
			);
			name = CollageCanvas;
			productName = CollageCanvas;
			productReference = 9F6EF6A82C8DFA9800B212B3 /* CollageCanvas.app */;
			productType = "com.apple.product-type.application";
		};
/* End PBXNativeTarget section */

/* Begin PBXProject section */
		9F6EF6A02C8DFA9800B212B3 /* Project object */ = {
			isa = PBXProject;
			attributes = {
				BuildIndependentTargetsInParallel = 1;
				LastSwiftUpdateCheck = 1540;
				LastUpgradeCheck = 1540;
				TargetAttributes = {
					9F6EF6A72C8DFA9800B212B3 = {
						CreatedOnToolsVersion = 15.4;
					};
				};
			};
			buildConfigurationList = 9F6EF6A32C8DFA9800B212B3 /* Build configuration list for PBXProject "CollageCanvas" */;
			compatibilityVersion = "Xcode 14.0";
			developmentRegion = en;
			hasScannedForEncodings = 0;
			knownRegions = (
				en,
				Base,
			);
			mainGroup = 9F6EF69F2C8DFA9800B212B3;
			productRefGroup = 9F6EF6A92C8DFA9800B212B3 /* Products */;
			projectDirPath = "";
			projectRoot = "";
			targets = (
				9F6EF6A72C8DFA9800B212B3 /* CollageCanvas */,
			);
		};
/* End PBXProject section */

/* Begin PBXResourcesBuildPhase section */
		9F6EF6A62C8DFA9800B212B3 /* Resources */ = {
			isa = PBXResourcesBuildPhase;
			buildActionMask = 2147483647;
			files = (
				9F6EF6B32C8DFA9A00B212B3 /* Preview Assets.xcassets in Resources */,
				9F6EF6B02C8DFA9A00B212B3 /* Assets.xcassets in Resources */,
				9F6EF6CF2C8E25E000B212B3 /* Localizable.xcstrings in Resources */,
			);
			runOnlyForDeploymentPostprocessing = 0;
		};
/* End PBXResourcesBuildPhase section */

/* Begin PBXSourcesBuildPhase section */
		9F6EF6A42C8DFA9800B212B3 /* Sources */ = {
			isa = PBXSourcesBuildPhase;
			buildActionMask = 2147483647;
			files = (
				9F6EF6CD2C8E1E2C00B212B3 /* CuratedPhotosViewModel.swift in Sources */,
				9F6EF6BE2C8E10AF00B212B3 /* PexelsService.swift in Sources */,
				9F6EF6C82C8E1C5B00B212B3 /* HomeViewModel.swift in Sources */,
				9F2681C82C8E5CB000C8FC20 /* ScrollableCanvasView.swift in Sources */,
				9F6EF6AE2C8DFA9800B212B3 /* HomeView.swift in Sources */,
				9F6EF6D72C8E286800B212B3 /* Localization.swift in Sources */,
				9F6EF6D52C8E27CA00B212B3 /* String+Extensions.swift in Sources */,
				9F6EF6CB2C8E1DF600B212B3 /* CuratedPhotosView.swift in Sources */,
				9F6EF6DA2C8E460100B212B3 /* LoadedImage.swift in Sources */,
				9F6EF6C42C8E143E00B212B3 /* SchemeEnvironment.swift in Sources */,
				9F6EF6AC2C8DFA9800B212B3 /* CollageCanvasApp.swift in Sources */,
				9F6EF6C02C8E138B00B212B3 /* PexelsResponse.swift in Sources */,
			);
			runOnlyForDeploymentPostprocessing = 0;
		};
/* End PBXSourcesBuildPhase section */

/* Begin XCBuildConfiguration section */
		9F6EF6B42C8DFA9A00B212B3 /* Debug */ = {
			isa = XCBuildConfiguration;
			baseConfigurationReference = 9F6EF6C22C8E13CD00B212B3 /* Development.xcconfig */;
			buildSettings = {
				ALWAYS_SEARCH_USER_PATHS = NO;
				ASSETCATALOG_COMPILER_GENERATE_SWIFT_ASSET_SYMBOL_EXTENSIONS = YES;
				CLANG_ANALYZER_NONNULL = YES;
				CLANG_ANALYZER_NUMBER_OBJECT_CONVERSION = YES_AGGRESSIVE;
				CLANG_CXX_LANGUAGE_STANDARD = "gnu++20";
				CLANG_ENABLE_MODULES = YES;
				CLANG_ENABLE_OBJC_ARC = YES;
				CLANG_ENABLE_OBJC_WEAK = YES;
				CLANG_WARN_BLOCK_CAPTURE_AUTORELEASING = YES;
				CLANG_WARN_BOOL_CONVERSION = YES;
				CLANG_WARN_COMMA = YES;
				CLANG_WARN_CONSTANT_CONVERSION = YES;
				CLANG_WARN_DEPRECATED_OBJC_IMPLEMENTATIONS = YES;
				CLANG_WARN_DIRECT_OBJC_ISA_USAGE = YES_ERROR;
				CLANG_WARN_DOCUMENTATION_COMMENTS = YES;
				CLANG_WARN_EMPTY_BODY = YES;
				CLANG_WARN_ENUM_CONVERSION = YES;
				CLANG_WARN_INFINITE_RECURSION = YES;
				CLANG_WARN_INT_CONVERSION = YES;
				CLANG_WARN_NON_LITERAL_NULL_CONVERSION = YES;
				CLANG_WARN_OBJC_IMPLICIT_RETAIN_SELF = YES;
				CLANG_WARN_OBJC_LITERAL_CONVERSION = YES;
				CLANG_WARN_OBJC_ROOT_CLASS = YES_ERROR;
				CLANG_WARN_QUOTED_INCLUDE_IN_FRAMEWORK_HEADER = YES;
				CLANG_WARN_RANGE_LOOP_ANALYSIS = YES;
				CLANG_WARN_STRICT_PROTOTYPES = YES;
				CLANG_WARN_SUSPICIOUS_MOVE = YES;
				CLANG_WARN_UNGUARDED_AVAILABILITY = YES_AGGRESSIVE;
				CLANG_WARN_UNREACHABLE_CODE = YES;
				CLANG_WARN__DUPLICATE_METHOD_MATCH = YES;
				COPY_PHASE_STRIP = NO;
				DEBUG_INFORMATION_FORMAT = dwarf;
				ENABLE_STRICT_OBJC_MSGSEND = YES;
				ENABLE_TESTABILITY = YES;
				ENABLE_USER_SCRIPT_SANDBOXING = YES;
				GCC_C_LANGUAGE_STANDARD = gnu17;
				GCC_DYNAMIC_NO_PIC = NO;
				GCC_NO_COMMON_BLOCKS = YES;
				GCC_OPTIMIZATION_LEVEL = 0;
				GCC_PREPROCESSOR_DEFINITIONS = (
					"DEBUG=1",
					"$(inherited)",
				);
				GCC_WARN_64_TO_32_BIT_CONVERSION = YES;
				GCC_WARN_ABOUT_RETURN_TYPE = YES_ERROR;
				GCC_WARN_UNDECLARED_SELECTOR = YES;
				GCC_WARN_UNINITIALIZED_AUTOS = YES_AGGRESSIVE;
				GCC_WARN_UNUSED_FUNCTION = YES;
				GCC_WARN_UNUSED_VARIABLE = YES;
				IPHONEOS_DEPLOYMENT_TARGET = 17.5;
				LOCALIZATION_PREFERS_STRING_CATALOGS = YES;
				MTL_ENABLE_DEBUG_INFO = INCLUDE_SOURCE;
				MTL_FAST_MATH = YES;
				ONLY_ACTIVE_ARCH = YES;
				SDKROOT = iphoneos;
				SWIFT_ACTIVE_COMPILATION_CONDITIONS = "DEBUG $(inherited)";
				SWIFT_OPTIMIZATION_LEVEL = "-Onone";
			};
			name = Debug;
		};
		9F6EF6B52C8DFA9A00B212B3 /* Release */ = {
			isa = XCBuildConfiguration;
			baseConfigurationReference = 9F6EF6C22C8E13CD00B212B3 /* Development.xcconfig */;
			buildSettings = {
				ALWAYS_SEARCH_USER_PATHS = NO;
				ASSETCATALOG_COMPILER_GENERATE_SWIFT_ASSET_SYMBOL_EXTENSIONS = YES;
				CLANG_ANALYZER_NONNULL = YES;
				CLANG_ANALYZER_NUMBER_OBJECT_CONVERSION = YES_AGGRESSIVE;
				CLANG_CXX_LANGUAGE_STANDARD = "gnu++20";
				CLANG_ENABLE_MODULES = YES;
				CLANG_ENABLE_OBJC_ARC = YES;
				CLANG_ENABLE_OBJC_WEAK = YES;
				CLANG_WARN_BLOCK_CAPTURE_AUTORELEASING = YES;
				CLANG_WARN_BOOL_CONVERSION = YES;
				CLANG_WARN_COMMA = YES;
				CLANG_WARN_CONSTANT_CONVERSION = YES;
				CLANG_WARN_DEPRECATED_OBJC_IMPLEMENTATIONS = YES;
				CLANG_WARN_DIRECT_OBJC_ISA_USAGE = YES_ERROR;
				CLANG_WARN_DOCUMENTATION_COMMENTS = YES;
				CLANG_WARN_EMPTY_BODY = YES;
				CLANG_WARN_ENUM_CONVERSION = YES;
				CLANG_WARN_INFINITE_RECURSION = YES;
				CLANG_WARN_INT_CONVERSION = YES;
				CLANG_WARN_NON_LITERAL_NULL_CONVERSION = YES;
				CLANG_WARN_OBJC_IMPLICIT_RETAIN_SELF = YES;
				CLANG_WARN_OBJC_LITERAL_CONVERSION = YES;
				CLANG_WARN_OBJC_ROOT_CLASS = YES_ERROR;
				CLANG_WARN_QUOTED_INCLUDE_IN_FRAMEWORK_HEADER = YES;
				CLANG_WARN_RANGE_LOOP_ANALYSIS = YES;
				CLANG_WARN_STRICT_PROTOTYPES = YES;
				CLANG_WARN_SUSPICIOUS_MOVE = YES;
				CLANG_WARN_UNGUARDED_AVAILABILITY = YES_AGGRESSIVE;
				CLANG_WARN_UNREACHABLE_CODE = YES;
				CLANG_WARN__DUPLICATE_METHOD_MATCH = YES;
				COPY_PHASE_STRIP = NO;
				DEBUG_INFORMATION_FORMAT = "dwarf-with-dsym";
				ENABLE_NS_ASSERTIONS = NO;
				ENABLE_STRICT_OBJC_MSGSEND = YES;
				ENABLE_USER_SCRIPT_SANDBOXING = YES;
				GCC_C_LANGUAGE_STANDARD = gnu17;
				GCC_NO_COMMON_BLOCKS = YES;
				GCC_WARN_64_TO_32_BIT_CONVERSION = YES;
				GCC_WARN_ABOUT_RETURN_TYPE = YES_ERROR;
				GCC_WARN_UNDECLARED_SELECTOR = YES;
				GCC_WARN_UNINITIALIZED_AUTOS = YES_AGGRESSIVE;
				GCC_WARN_UNUSED_FUNCTION = YES;
				GCC_WARN_UNUSED_VARIABLE = YES;
				IPHONEOS_DEPLOYMENT_TARGET = 17.5;
				LOCALIZATION_PREFERS_STRING_CATALOGS = YES;
				MTL_ENABLE_DEBUG_INFO = NO;
				MTL_FAST_MATH = YES;
				SDKROOT = iphoneos;
				SWIFT_COMPILATION_MODE = wholemodule;
				VALIDATE_PRODUCT = YES;
			};
			name = Release;
		};
		9F6EF6B72C8DFA9A00B212B3 /* Debug */ = {
			isa = XCBuildConfiguration;
			baseConfigurationReference = 9F6EF6C22C8E13CD00B212B3 /* Development.xcconfig */;
			buildSettings = {
				ASSETCATALOG_COMPILER_APPICON_NAME = AppIcon;
				ASSETCATALOG_COMPILER_GLOBAL_ACCENT_COLOR_NAME = AccentColor;
				CODE_SIGN_STYLE = Automatic;
				CURRENT_PROJECT_VERSION = 1;
				DEVELOPMENT_ASSET_PATHS = "\"CollageCanvas/Preview Content\"";
				DEVELOPMENT_TEAM = 52DJP63H9U;
				ENABLE_PREVIEWS = YES;
				GENERATE_INFOPLIST_FILE = YES;
				INFOPLIST_FILE = CollageCanvas/Info.plist;
				INFOPLIST_KEY_UIApplicationSceneManifest_Generation = YES;
				INFOPLIST_KEY_UIApplicationSupportsIndirectInputEvents = YES;
				INFOPLIST_KEY_UILaunchScreen_Generation = YES;
				INFOPLIST_KEY_UISupportedInterfaceOrientations_iPad = "UIInterfaceOrientationPortrait UIInterfaceOrientationPortraitUpsideDown UIInterfaceOrientationLandscapeLeft UIInterfaceOrientationLandscapeRight";
				INFOPLIST_KEY_UISupportedInterfaceOrientations_iPhone = "UIInterfaceOrientationPortrait UIInterfaceOrientationLandscapeLeft UIInterfaceOrientationLandscapeRight";
				LD_RUNPATH_SEARCH_PATHS = (
					"$(inherited)",
					"@executable_path/Frameworks",
				);
				MARKETING_VERSION = 1.0;
				PRODUCT_BUNDLE_IDENTIFIER = com.gmail.rodrigocav94.CollageCanvas;
				PRODUCT_NAME = "$(TARGET_NAME)";
				SWIFT_EMIT_LOC_STRINGS = YES;
				SWIFT_VERSION = 5.0;
				TARGETED_DEVICE_FAMILY = "1,2";
			};
			name = Debug;
		};
		9F6EF6B82C8DFA9A00B212B3 /* Release */ = {
			isa = XCBuildConfiguration;
			baseConfigurationReference = 9F6EF6C22C8E13CD00B212B3 /* Development.xcconfig */;
			buildSettings = {
				ASSETCATALOG_COMPILER_APPICON_NAME = AppIcon;
				ASSETCATALOG_COMPILER_GLOBAL_ACCENT_COLOR_NAME = AccentColor;
				CODE_SIGN_STYLE = Automatic;
				CURRENT_PROJECT_VERSION = 1;
				DEVELOPMENT_ASSET_PATHS = "\"CollageCanvas/Preview Content\"";
				DEVELOPMENT_TEAM = 52DJP63H9U;
				ENABLE_PREVIEWS = YES;
				GENERATE_INFOPLIST_FILE = YES;
				INFOPLIST_FILE = CollageCanvas/Info.plist;
				INFOPLIST_KEY_UIApplicationSceneManifest_Generation = YES;
				INFOPLIST_KEY_UIApplicationSupportsIndirectInputEvents = YES;
				INFOPLIST_KEY_UILaunchScreen_Generation = YES;
				INFOPLIST_KEY_UISupportedInterfaceOrientations_iPad = "UIInterfaceOrientationPortrait UIInterfaceOrientationPortraitUpsideDown UIInterfaceOrientationLandscapeLeft UIInterfaceOrientationLandscapeRight";
				INFOPLIST_KEY_UISupportedInterfaceOrientations_iPhone = "UIInterfaceOrientationPortrait UIInterfaceOrientationLandscapeLeft UIInterfaceOrientationLandscapeRight";
				LD_RUNPATH_SEARCH_PATHS = (
					"$(inherited)",
					"@executable_path/Frameworks",
				);
				MARKETING_VERSION = 1.0;
				PRODUCT_BUNDLE_IDENTIFIER = com.gmail.rodrigocav94.CollageCanvas;
				PRODUCT_NAME = "$(TARGET_NAME)";
				SWIFT_EMIT_LOC_STRINGS = YES;
				SWIFT_VERSION = 5.0;
				TARGETED_DEVICE_FAMILY = "1,2";
			};
			name = Release;
		};
/* End XCBuildConfiguration section */

/* Begin XCConfigurationList section */
		9F6EF6A32C8DFA9800B212B3 /* Build configuration list for PBXProject "CollageCanvas" */ = {
			isa = XCConfigurationList;
			buildConfigurations = (
				9F6EF6B42C8DFA9A00B212B3 /* Debug */,
				9F6EF6B52C8DFA9A00B212B3 /* Release */,
			);
			defaultConfigurationIsVisible = 0;
			defaultConfigurationName = Release;
		};
		9F6EF6B62C8DFA9A00B212B3 /* Build configuration list for PBXNativeTarget "CollageCanvas" */ = {
			isa = XCConfigurationList;
			buildConfigurations = (
				9F6EF6B72C8DFA9A00B212B3 /* Debug */,
				9F6EF6B82C8DFA9A00B212B3 /* Release */,
			);
			defaultConfigurationIsVisible = 0;
			defaultConfigurationName = Release;
		};
/* End XCConfigurationList section */
	};
	rootObject = 9F6EF6A02C8DFA9800B212B3 /* Project object */;
}
